
Microsoft Visual Studio Solution File, Format Version 12.00
# Visual Studio 15
VisualStudioVersion = 15.0.27130.2036
MinimumVisualStudioVersion = 10.0.40219.1
Project("{FAE04EC0-301F-11D3-BF4B-00C04F79EFBC}") = "FilmLibrary", "FilmLibrary\FilmLibrary.csproj", "{B737AF86-AD00-4682-8D35-A73F9251222A}"
EndProject
Global
	GlobalSection(SolutionConfigurationPlatforms) = preSolution
		Debug|Any CPU = Debug|Any CPU
		Release|Any CPU = Release|Any CPU
	EndGlobalSection
	GlobalSection(ProjectConfigurationPlatforms) = postSolution
		{B737AF86-AD00-4682-8D35-A73F9251222A}.Debug|Any CPU.ActiveCfg = Debug|Any CPU
		{B737AF86-AD00-4682-8D35-A73F9251222A}.Debug|Any CPU.Build.0 = Debug|Any CPU
		{B737AF86-AD00-4682-8D35-A73F9251222A}.Release|Any CPU.ActiveCfg = Release|Any CPU
		{B737AF86-AD00-4682-8D35-A73F9251222A}.Release|Any CPU.Build.0 = Release|Any CPU
	EndGlobalSection
	GlobalSection(SolutionProperties) = preSolution
		HideSolutionNode = FALSE
	EndGlobalSection
	GlobalSection(ExtensibilityGlobals) = postSolution
		SolutionGuid = {43306EE3-6DD4-4489-A62C-45763BC2475F}
	EndGlobalSection
EndGlobal
